// !$*UTF8*$!
{
	archiveVersion = 1;
	classes = {
	};
	objectVersion = 56;
	objects = {

/* Begin PBXBuildFile section */
		41CCE8662C0EC83300A09411 /* AppDelegate.swift in Sources */ = {isa = PBXBuildFile; fileRef = 41CCE8652C0EC83300A09411 /* AppDelegate.swift */; };
		41CCE8682C0EC83300A09411 /* SceneDelegate.swift in Sources */ = {isa = PBXBuildFile; fileRef = 41CCE8672C0EC83300A09411 /* SceneDelegate.swift */; };
		41CCE86A2C0EC83300A09411 /* ViewController.swift in Sources */ = {isa = PBXBuildFile; fileRef = 41CCE8692C0EC83300A09411 /* ViewController.swift */; };
		41CCE86F2C0EC83400A09411 /* Assets.xcassets in Resources */ = {isa = PBXBuildFile; fileRef = 41CCE86E2C0EC83400A09411 /* Assets.xcassets */; };
		41CCE8722C0EC83400A09411 /* Base in Resources */ = {isa = PBXBuildFile; fileRef = 41CCE8712C0EC83400A09411 /* Base */; };
		41CCE87A2C0EC9FD00A09411 /* GoogleService-Info.plist in Resources */ = {isa = PBXBuildFile; fileRef = 41CCE8792C0EC9FD00A09411 /* GoogleService-Info.plist */; };
		41CCE87D2C0ECA6000A09411 /* FirebaseAppCheck in Frameworks */ = {isa = PBXBuildFile; productRef = 41CCE87C2C0ECA6000A09411 /* FirebaseAppCheck */; };
		41CCE87F2C0ECA6000A09411 /* FirebaseAuth in Frameworks */ = {isa = PBXBuildFile; productRef = 41CCE87E2C0ECA6000A09411 /* FirebaseAuth */; };
		41CCE8812C0ECA6000A09411 /* FirebaseDatabase in Frameworks */ = {isa = PBXBuildFile; productRef = 41CCE8802C0ECA6000A09411 /* FirebaseDatabase */; };
		41CCE8832C0ECA6000A09411 /* FirebaseDatabaseSwift in Frameworks */ = {isa = PBXBuildFile; productRef = 41CCE8822C0ECA6000A09411 /* FirebaseDatabaseSwift */; };
		41CCE8852C0ECA6000A09411 /* FirebaseFirestore in Frameworks */ = {isa = PBXBuildFile; productRef = 41CCE8842C0ECA6000A09411 /* FirebaseFirestore */; };
		41CCE8872C0ECA6000A09411 /* FirebaseFirestoreCombine-Community in Frameworks */ = {isa = PBXBuildFile; productRef = 41CCE8862C0ECA6000A09411 /* FirebaseFirestoreCombine-Community */; };
		41CCE8892C0ECA6000A09411 /* FirebaseFirestoreSwift in Frameworks */ = {isa = PBXBuildFile; productRef = 41CCE8882C0ECA6000A09411 /* FirebaseFirestoreSwift */; };
		41CCE88B2C0ECA6000A09411 /* FirebaseMessaging in Frameworks */ = {isa = PBXBuildFile; productRef = 41CCE88A2C0ECA6000A09411 /* FirebaseMessaging */; };
		41EB8EE12C108B05001DBF2A /* ProfileViewController.swift in Sources */ = {isa = PBXBuildFile; fileRef = 41EB8EE02C108B05001DBF2A /* ProfileViewController.swift */; };
		41EB8EE32C109CB7001DBF2A /* CosmeticsTVCell.swift in Sources */ = {isa = PBXBuildFile; fileRef = 41EB8EE22C109CB7001DBF2A /* CosmeticsTVCell.swift */; };
		41EB8EE52C10A217001DBF2A /* CategoryCVCell.swift in Sources */ = {isa = PBXBuildFile; fileRef = 41EB8EE42C10A217001DBF2A /* CategoryCVCell.swift */; };
		41EB8EF62C10BBBF001DBF2A /* Extension+UIColor.swift in Sources */ = {isa = PBXBuildFile; fileRef = 41EB8EF52C10BBBF001DBF2A /* Extension+UIColor.swift */; };
		574DAD5D2C12D7E7006C224B /* KindModalViewController.swift in Sources */ = {isa = PBXBuildFile; fileRef = 574DAD5C2C12D7E7006C224B /* KindModalViewController.swift */; };
		574DAD5F2C149909006C224B /* DateModalViewController.swift in Sources */ = {isa = PBXBuildFile; fileRef = 574DAD5E2C149909006C224B /* DateModalViewController.swift */; };
		574DAD612C149932006C224B /* IconModalViewController.swift in Sources */ = {isa = PBXBuildFile; fileRef = 574DAD602C149932006C224B /* IconModalViewController.swift */; };
		5763B1D62C12CFA3007C0F57 /* CustomCollectionViewCell.swift in Sources */ = {isa = PBXBuildFile; fileRef = 5763B1D52C12CFA3007C0F57 /* CustomCollectionViewCell.swift */; };
		5763B1D82C12CFC7007C0F57 /* DoubleTitleView.swift in Sources */ = {isa = PBXBuildFile; fileRef = 5763B1D72C12CFC7007C0F57 /* DoubleTitleView.swift */; };
		5763B1DA2C12CFE8007C0F57 /* MainViewController.swift in Sources */ = {isa = PBXBuildFile; fileRef = 5763B1D92C12CFE8007C0F57 /* MainViewController.swift */; };
		5763B1DC2C12CFFE007C0F57 /* NameModalViewController.swift in Sources */ = {isa = PBXBuildFile; fileRef = 5763B1DB2C12CFFE007C0F57 /* NameModalViewController.swift */; };
/* End PBXBuildFile section */

/* Begin PBXFileReference section */
		41CCE8622C0EC83300A09411 /* YGGG.app */ = {isa = PBXFileReference; explicitFileType = wrapper.application; includeInIndex = 0; path = YGGG.app; sourceTree = BUILT_PRODUCTS_DIR; };
		41CCE8652C0EC83300A09411 /* AppDelegate.swift */ = {isa = PBXFileReference; lastKnownFileType = sourcecode.swift; path = AppDelegate.swift; sourceTree = "<group>"; };
		41CCE8672C0EC83300A09411 /* SceneDelegate.swift */ = {isa = PBXFileReference; lastKnownFileType = sourcecode.swift; path = SceneDelegate.swift; sourceTree = "<group>"; };
		41CCE8692C0EC83300A09411 /* ViewController.swift */ = {isa = PBXFileReference; lastKnownFileType = sourcecode.swift; path = ViewController.swift; sourceTree = "<group>"; };
		41CCE86E2C0EC83400A09411 /* Assets.xcassets */ = {isa = PBXFileReference; lastKnownFileType = folder.assetcatalog; path = Assets.xcassets; sourceTree = "<group>"; };
		41CCE8712C0EC83400A09411 /* Base */ = {isa = PBXFileReference; lastKnownFileType = file.storyboard; name = Base; path = Base.lproj/LaunchScreen.storyboard; sourceTree = "<group>"; };
		41CCE8732C0EC83400A09411 /* Info.plist */ = {isa = PBXFileReference; lastKnownFileType = text.plist.xml; path = Info.plist; sourceTree = "<group>"; };
		41CCE8792C0EC9FD00A09411 /* GoogleService-Info.plist */ = {isa = PBXFileReference; fileEncoding = 4; lastKnownFileType = text.plist.xml; path = "GoogleService-Info.plist"; sourceTree = SOURCE_ROOT; };
		41EB8EE02C108B05001DBF2A /* ProfileViewController.swift */ = {isa = PBXFileReference; lastKnownFileType = sourcecode.swift; path = ProfileViewController.swift; sourceTree = "<group>"; };
		41EB8EE22C109CB7001DBF2A /* CosmeticsTVCell.swift */ = {isa = PBXFileReference; lastKnownFileType = sourcecode.swift; path = CosmeticsTVCell.swift; sourceTree = "<group>"; };
		41EB8EE42C10A217001DBF2A /* CategoryCVCell.swift */ = {isa = PBXFileReference; lastKnownFileType = sourcecode.swift; path = CategoryCVCell.swift; sourceTree = "<group>"; };
		41EB8EF52C10BBBF001DBF2A /* Extension+UIColor.swift */ = {isa = PBXFileReference; lastKnownFileType = sourcecode.swift; path = "Extension+UIColor.swift"; sourceTree = "<group>"; };
		574DAD5C2C12D7E7006C224B /* KindModalViewController.swift */ = {isa = PBXFileReference; lastKnownFileType = sourcecode.swift; path = KindModalViewController.swift; sourceTree = "<group>"; };
		574DAD5E2C149909006C224B /* DateModalViewController.swift */ = {isa = PBXFileReference; lastKnownFileType = sourcecode.swift; path = DateModalViewController.swift; sourceTree = "<group>"; };
		574DAD602C149932006C224B /* IconModalViewController.swift */ = {isa = PBXFileReference; lastKnownFileType = sourcecode.swift; path = IconModalViewController.swift; sourceTree = "<group>"; };
		5763B1D52C12CFA3007C0F57 /* CustomCollectionViewCell.swift */ = {isa = PBXFileReference; lastKnownFileType = sourcecode.swift; path = CustomCollectionViewCell.swift; sourceTree = "<group>"; };
		5763B1D72C12CFC7007C0F57 /* DoubleTitleView.swift */ = {isa = PBXFileReference; lastKnownFileType = sourcecode.swift; path = DoubleTitleView.swift; sourceTree = "<group>"; };
		5763B1D92C12CFE8007C0F57 /* MainViewController.swift */ = {isa = PBXFileReference; lastKnownFileType = sourcecode.swift; path = MainViewController.swift; sourceTree = "<group>"; };
		5763B1DB2C12CFFE007C0F57 /* NameModalViewController.swift */ = {isa = PBXFileReference; lastKnownFileType = sourcecode.swift; path = NameModalViewController.swift; sourceTree = "<group>"; };
/* End PBXFileReference section */

/* Begin PBXFrameworksBuildPhase section */
		41CCE85F2C0EC83300A09411 /* Frameworks */ = {
			isa = PBXFrameworksBuildPhase;
			buildActionMask = 2147483647;
			files = (
				41CCE88B2C0ECA6000A09411 /* FirebaseMessaging in Frameworks */,
				41CCE8832C0ECA6000A09411 /* FirebaseDatabaseSwift in Frameworks */,
				41CCE8812C0ECA6000A09411 /* FirebaseDatabase in Frameworks */,
				41CCE87D2C0ECA6000A09411 /* FirebaseAppCheck in Frameworks */,
				41CCE8892C0ECA6000A09411 /* FirebaseFirestoreSwift in Frameworks */,
				41CCE8872C0ECA6000A09411 /* FirebaseFirestoreCombine-Community in Frameworks */,
				41CCE8852C0ECA6000A09411 /* FirebaseFirestore in Frameworks */,
				41CCE87F2C0ECA6000A09411 /* FirebaseAuth in Frameworks */,
			);
			runOnlyForDeploymentPostprocessing = 0;
		};
/* End PBXFrameworksBuildPhase section */

/* Begin PBXGroup section */
		41CCE8592C0EC83300A09411 = {
			isa = PBXGroup;
			children = (
				41CCE8642C0EC83300A09411 /* YGGG */,
				41CCE8632C0EC83300A09411 /* Products */,
			);
			sourceTree = "<group>";
		};
		41CCE8632C0EC83300A09411 /* Products */ = {
			isa = PBXGroup;
			children = (
				41CCE8622C0EC83300A09411 /* YGGG.app */,
			);
			name = Products;
			sourceTree = "<group>";
		};
		41CCE8642C0EC83300A09411 /* YGGG */ = {
			isa = PBXGroup;
			children = (
				5763B1D42C12CF75007C0F57 /* Main */,
				41EB8EF42C10BBAF001DBF2A /* Extension */,
				41EB8EDF2C108AE5001DBF2A /* Profile */,
				41CCE8792C0EC9FD00A09411 /* GoogleService-Info.plist */,
				41CCE8652C0EC83300A09411 /* AppDelegate.swift */,
				41CCE8672C0EC83300A09411 /* SceneDelegate.swift */,
				41CCE8692C0EC83300A09411 /* ViewController.swift */,
				41CCE86E2C0EC83400A09411 /* Assets.xcassets */,
				41CCE8702C0EC83400A09411 /* LaunchScreen.storyboard */,
				41CCE8732C0EC83400A09411 /* Info.plist */,
			);
			path = YGGG;
			sourceTree = "<group>";
		};
		41EB8EDF2C108AE5001DBF2A /* Profile */ = {
			isa = PBXGroup;
			children = (
				41EB8EE02C108B05001DBF2A /* ProfileViewController.swift */,
				41EB8EE22C109CB7001DBF2A /* CosmeticsTVCell.swift */,
				41EB8EE42C10A217001DBF2A /* CategoryCVCell.swift */,
			);
			path = Profile;
			sourceTree = "<group>";
		};
		41EB8EF42C10BBAF001DBF2A /* Extension */ = {
			isa = PBXGroup;
			children = (
				41EB8EF52C10BBBF001DBF2A /* Extension+UIColor.swift */,
			);
			path = Extension;
			sourceTree = "<group>";
		};
		5763B1D42C12CF75007C0F57 /* Main */ = {
			isa = PBXGroup;
			children = (
				5763B1D52C12CFA3007C0F57 /* CustomCollectionViewCell.swift */,
				5763B1D72C12CFC7007C0F57 /* DoubleTitleView.swift */,
				5763B1D92C12CFE8007C0F57 /* MainViewController.swift */,
				5763B1DB2C12CFFE007C0F57 /* NameModalViewController.swift */,
				574DAD5C2C12D7E7006C224B /* KindModalViewController.swift */,
				574DAD5E2C149909006C224B /* DateModalViewController.swift */,
				574DAD602C149932006C224B /* IconModalViewController.swift */,
			);
			path = Main;
			sourceTree = "<group>";
		};
/* End PBXGroup section */

/* Begin PBXNativeTarget section */
		41CCE8612C0EC83300A09411 /* YGGG */ = {
			isa = PBXNativeTarget;
			buildConfigurationList = 41CCE8762C0EC83400A09411 /* Build configuration list for PBXNativeTarget "YGGG" */;
			buildPhases = (
				41CCE85E2C0EC83300A09411 /* Sources */,
				41CCE85F2C0EC83300A09411 /* Frameworks */,
				41CCE8602C0EC83300A09411 /* Resources */,
			);
			buildRules = (
			);
			dependencies = (
			);
			name = YGGG;
			packageProductDependencies = (
				41CCE87C2C0ECA6000A09411 /* FirebaseAppCheck */,
				41CCE87E2C0ECA6000A09411 /* FirebaseAuth */,
				41CCE8802C0ECA6000A09411 /* FirebaseDatabase */,
				41CCE8822C0ECA6000A09411 /* FirebaseDatabaseSwift */,
				41CCE8842C0ECA6000A09411 /* FirebaseFirestore */,
				41CCE8862C0ECA6000A09411 /* FirebaseFirestoreCombine-Community */,
				41CCE8882C0ECA6000A09411 /* FirebaseFirestoreSwift */,
				41CCE88A2C0ECA6000A09411 /* FirebaseMessaging */,
			);
			productName = YGGG;
			productReference = 41CCE8622C0EC83300A09411 /* YGGG.app */;
			productType = "com.apple.product-type.application";
		};
/* End PBXNativeTarget section */

/* Begin PBXProject section */
		41CCE85A2C0EC83300A09411 /* Project object */ = {
			isa = PBXProject;
			attributes = {
				BuildIndependentTargetsInParallel = 1;
				LastSwiftUpdateCheck = 1540;
				LastUpgradeCheck = 1540;
				TargetAttributes = {
					41CCE8612C0EC83300A09411 = {
						CreatedOnToolsVersion = 15.4;
					};
				};
			};
			buildConfigurationList = 41CCE85D2C0EC83300A09411 /* Build configuration list for PBXProject "YGGG" */;
			compatibilityVersion = "Xcode 14.0";
			developmentRegion = en;
			hasScannedForEncodings = 0;
			knownRegions = (
				en,
				Base,
			);
			mainGroup = 41CCE8592C0EC83300A09411;
			packageReferences = (
				41CCE87B2C0ECA6000A09411 /* XCRemoteSwiftPackageReference "firebase-ios-sdk" */,
			);
			productRefGroup = 41CCE8632C0EC83300A09411 /* Products */;
			projectDirPath = "";
			projectRoot = "";
			targets = (
				41CCE8612C0EC83300A09411 /* YGGG */,
			);
		};
/* End PBXProject section */

/* Begin PBXResourcesBuildPhase section */
		41CCE8602C0EC83300A09411 /* Resources */ = {
			isa = PBXResourcesBuildPhase;
			buildActionMask = 2147483647;
			files = (
				41CCE86F2C0EC83400A09411 /* Assets.xcassets in Resources */,
				41CCE8722C0EC83400A09411 /* Base in Resources */,
				41CCE87A2C0EC9FD00A09411 /* GoogleService-Info.plist in Resources */,
			);
			runOnlyForDeploymentPostprocessing = 0;
		};
/* End PBXResourcesBuildPhase section */

/* Begin PBXSourcesBuildPhase section */
		41CCE85E2C0EC83300A09411 /* Sources */ = {
			isa = PBXSourcesBuildPhase;
			buildActionMask = 2147483647;
			files = (
				5763B1D82C12CFC7007C0F57 /* DoubleTitleView.swift in Sources */,
				41EB8EE52C10A217001DBF2A /* CategoryCVCell.swift in Sources */,
				41CCE86A2C0EC83300A09411 /* ViewController.swift in Sources */,
				574DAD612C149932006C224B /* IconModalViewController.swift in Sources */,
				5763B1DC2C12CFFE007C0F57 /* NameModalViewController.swift in Sources */,
				41EB8EF62C10BBBF001DBF2A /* Extension+UIColor.swift in Sources */,
				5763B1D62C12CFA3007C0F57 /* CustomCollectionViewCell.swift in Sources */,
				41CCE8662C0EC83300A09411 /* AppDelegate.swift in Sources */,
				41EB8EE12C108B05001DBF2A /* ProfileViewController.swift in Sources */,
				41CCE8682C0EC83300A09411 /* SceneDelegate.swift in Sources */,
				574DAD5F2C149909006C224B /* DateModalViewController.swift in Sources */,
				41EB8EE32C109CB7001DBF2A /* CosmeticsTVCell.swift in Sources */,
				5763B1DA2C12CFE8007C0F57 /* MainViewController.swift in Sources */,
				574DAD5D2C12D7E7006C224B /* KindModalViewController.swift in Sources */,
			);
			runOnlyForDeploymentPostprocessing = 0;
		};
/* End PBXSourcesBuildPhase section */

/* Begin PBXVariantGroup section */
		41CCE8702C0EC83400A09411 /* LaunchScreen.storyboard */ = {
			isa = PBXVariantGroup;
			children = (
				41CCE8712C0EC83400A09411 /* Base */,
			);
			name = LaunchScreen.storyboard;
			sourceTree = "<group>";
		};
/* End PBXVariantGroup section */

/* Begin XCBuildConfiguration section */
		41CCE8742C0EC83400A09411 /* Debug */ = {
			isa = XCBuildConfiguration;
			buildSettings = {
				ALWAYS_SEARCH_USER_PATHS = NO;
				ASSETCATALOG_COMPILER_GENERATE_SWIFT_ASSET_SYMBOL_EXTENSIONS = YES;
				CLANG_ANALYZER_NONNULL = YES;
				CLANG_ANALYZER_NUMBER_OBJECT_CONVERSION = YES_AGGRESSIVE;
				CLANG_CXX_LANGUAGE_STANDARD = "gnu++20";
				CLANG_ENABLE_MODULES = YES;
				CLANG_ENABLE_OBJC_ARC = YES;
				CLANG_ENABLE_OBJC_WEAK = YES;
				CLANG_WARN_BLOCK_CAPTURE_AUTORELEASING = YES;
				CLANG_WARN_BOOL_CONVERSION = YES;
				CLANG_WARN_COMMA = YES;
				CLANG_WARN_CONSTANT_CONVERSION = YES;
				CLANG_WARN_DEPRECATED_OBJC_IMPLEMENTATIONS = YES;
				CLANG_WARN_DIRECT_OBJC_ISA_USAGE = YES_ERROR;
				CLANG_WARN_DOCUMENTATION_COMMENTS = YES;
				CLANG_WARN_EMPTY_BODY = YES;
				CLANG_WARN_ENUM_CONVERSION = YES;
				CLANG_WARN_INFINITE_RECURSION = YES;
				CLANG_WARN_INT_CONVERSION = YES;
				CLANG_WARN_NON_LITERAL_NULL_CONVERSION = YES;
				CLANG_WARN_OBJC_IMPLICIT_RETAIN_SELF = YES;
				CLANG_WARN_OBJC_LITERAL_CONVERSION = YES;
				CLANG_WARN_OBJC_ROOT_CLASS = YES_ERROR;
				CLANG_WARN_QUOTED_INCLUDE_IN_FRAMEWORK_HEADER = YES;
				CLANG_WARN_RANGE_LOOP_ANALYSIS = YES;
				CLANG_WARN_STRICT_PROTOTYPES = YES;
				CLANG_WARN_SUSPICIOUS_MOVE = YES;
				CLANG_WARN_UNGUARDED_AVAILABILITY = YES_AGGRESSIVE;
				CLANG_WARN_UNREACHABLE_CODE = YES;
				CLANG_WARN__DUPLICATE_METHOD_MATCH = YES;
				COPY_PHASE_STRIP = NO;
				DEBUG_INFORMATION_FORMAT = dwarf;
				ENABLE_STRICT_OBJC_MSGSEND = YES;
				ENABLE_TESTABILITY = YES;
				ENABLE_USER_SCRIPT_SANDBOXING = YES;
				GCC_C_LANGUAGE_STANDARD = gnu17;
				GCC_DYNAMIC_NO_PIC = NO;
				GCC_NO_COMMON_BLOCKS = YES;
				GCC_OPTIMIZATION_LEVEL = 0;
				GCC_PREPROCESSOR_DEFINITIONS = (
					"DEBUG=1",
					"$(inherited)",
				);
				GCC_WARN_64_TO_32_BIT_CONVERSION = YES;
				GCC_WARN_ABOUT_RETURN_TYPE = YES_ERROR;
				GCC_WARN_UNDECLARED_SELECTOR = YES;
				GCC_WARN_UNINITIALIZED_AUTOS = YES_AGGRESSIVE;
				GCC_WARN_UNUSED_FUNCTION = YES;
				GCC_WARN_UNUSED_VARIABLE = YES;
				IPHONEOS_DEPLOYMENT_TARGET = 17.5;
				LOCALIZATION_PREFERS_STRING_CATALOGS = YES;
				MTL_ENABLE_DEBUG_INFO = INCLUDE_SOURCE;
				MTL_FAST_MATH = YES;
				ONLY_ACTIVE_ARCH = YES;
				SDKROOT = iphoneos;
				SWIFT_ACTIVE_COMPILATION_CONDITIONS = "DEBUG $(inherited)";
				SWIFT_OPTIMIZATION_LEVEL = "-Onone";
			};
			name = Debug;
		};
		41CCE8752C0EC83400A09411 /* Release */ = {
			isa = XCBuildConfiguration;
			buildSettings = {
				ALWAYS_SEARCH_USER_PATHS = NO;
				ASSETCATALOG_COMPILER_GENERATE_SWIFT_ASSET_SYMBOL_EXTENSIONS = YES;
				CLANG_ANALYZER_NONNULL = YES;
				CLANG_ANALYZER_NUMBER_OBJECT_CONVERSION = YES_AGGRESSIVE;
				CLANG_CXX_LANGUAGE_STANDARD = "gnu++20";
				CLANG_ENABLE_MODULES = YES;
				CLANG_ENABLE_OBJC_ARC = YES;
				CLANG_ENABLE_OBJC_WEAK = YES;
				CLANG_WARN_BLOCK_CAPTURE_AUTORELEASING = YES;
				CLANG_WARN_BOOL_CONVERSION = YES;
				CLANG_WARN_COMMA = YES;
				CLANG_WARN_CONSTANT_CONVERSION = YES;
				CLANG_WARN_DEPRECATED_OBJC_IMPLEMENTATIONS = YES;
				CLANG_WARN_DIRECT_OBJC_ISA_USAGE = YES_ERROR;
				CLANG_WARN_DOCUMENTATION_COMMENTS = YES;
				CLANG_WARN_EMPTY_BODY = YES;
				CLANG_WARN_ENUM_CONVERSION = YES;
				CLANG_WARN_INFINITE_RECURSION = YES;
				CLANG_WARN_INT_CONVERSION = YES;
				CLANG_WARN_NON_LITERAL_NULL_CONVERSION = YES;
				CLANG_WARN_OBJC_IMPLICIT_RETAIN_SELF = YES;
				CLANG_WARN_OBJC_LITERAL_CONVERSION = YES;
				CLANG_WARN_OBJC_ROOT_CLASS = YES_ERROR;
				CLANG_WARN_QUOTED_INCLUDE_IN_FRAMEWORK_HEADER = YES;
				CLANG_WARN_RANGE_LOOP_ANALYSIS = YES;
				CLANG_WARN_STRICT_PROTOTYPES = YES;
				CLANG_WARN_SUSPICIOUS_MOVE = YES;
				CLANG_WARN_UNGUARDED_AVAILABILITY = YES_AGGRESSIVE;
				CLANG_WARN_UNREACHABLE_CODE = YES;
				CLANG_WARN__DUPLICATE_METHOD_MATCH = YES;
				COPY_PHASE_STRIP = NO;
				DEBUG_INFORMATION_FORMAT = "dwarf-with-dsym";
				ENABLE_NS_ASSERTIONS = NO;
				ENABLE_STRICT_OBJC_MSGSEND = YES;
				ENABLE_USER_SCRIPT_SANDBOXING = YES;
				GCC_C_LANGUAGE_STANDARD = gnu17;
				GCC_NO_COMMON_BLOCKS = YES;
				GCC_WARN_64_TO_32_BIT_CONVERSION = YES;
				GCC_WARN_ABOUT_RETURN_TYPE = YES_ERROR;
				GCC_WARN_UNDECLARED_SELECTOR = YES;
				GCC_WARN_UNINITIALIZED_AUTOS = YES_AGGRESSIVE;
				GCC_WARN_UNUSED_FUNCTION = YES;
				GCC_WARN_UNUSED_VARIABLE = YES;
				IPHONEOS_DEPLOYMENT_TARGET = 17.5;
				LOCALIZATION_PREFERS_STRING_CATALOGS = YES;
				MTL_ENABLE_DEBUG_INFO = NO;
				MTL_FAST_MATH = YES;
				SDKROOT = iphoneos;
				SWIFT_COMPILATION_MODE = wholemodule;
				VALIDATE_PRODUCT = YES;
			};
			name = Release;
		};
		41CCE8772C0EC83400A09411 /* Debug */ = {
			isa = XCBuildConfiguration;
			buildSettings = {
				ASSETCATALOG_COMPILER_APPICON_NAME = AppIcon;
				ASSETCATALOG_COMPILER_GLOBAL_ACCENT_COLOR_NAME = AccentColor;
				CODE_SIGN_STYLE = Automatic;
				CURRENT_PROJECT_VERSION = 1;
				DEVELOPMENT_TEAM = 9UU59NTC96;
				GENERATE_INFOPLIST_FILE = YES;
				INFOPLIST_FILE = YGGG/Info.plist;
				INFOPLIST_KEY_UIApplicationSupportsIndirectInputEvents = YES;
				INFOPLIST_KEY_UILaunchStoryboardName = "";
				INFOPLIST_KEY_UISupportedInterfaceOrientations_iPad = "UIInterfaceOrientationPortrait UIInterfaceOrientationPortraitUpsideDown UIInterfaceOrientationLandscapeLeft UIInterfaceOrientationLandscapeRight";
				INFOPLIST_KEY_UISupportedInterfaceOrientations_iPhone = "UIInterfaceOrientationPortrait UIInterfaceOrientationLandscapeLeft UIInterfaceOrientationLandscapeRight";
				LD_RUNPATH_SEARCH_PATHS = (
					"$(inherited)",
					"@executable_path/Frameworks",
				);
				MARKETING_VERSION = 1.0;
				PRODUCT_BUNDLE_IDENTIFIER = com.AppSchoolLAB8.YGGG;
				PRODUCT_NAME = "$(TARGET_NAME)";
				SWIFT_EMIT_LOC_STRINGS = YES;
				SWIFT_VERSION = 5.0;
				TARGETED_DEVICE_FAMILY = "1,2";
			};
			name = Debug;
		};
		41CCE8782C0EC83400A09411 /* Release */ = {
			isa = XCBuildConfiguration;
			buildSettings = {
				ASSETCATALOG_COMPILER_APPICON_NAME = AppIcon;
				ASSETCATALOG_COMPILER_GLOBAL_ACCENT_COLOR_NAME = AccentColor;
				CODE_SIGN_STYLE = Automatic;
				CURRENT_PROJECT_VERSION = 1;
				DEVELOPMENT_TEAM = 9UU59NTC96;
				GENERATE_INFOPLIST_FILE = YES;
				INFOPLIST_FILE = YGGG/Info.plist;
				INFOPLIST_KEY_UIApplicationSupportsIndirectInputEvents = YES;
				INFOPLIST_KEY_UILaunchStoryboardName = "";
				INFOPLIST_KEY_UISupportedInterfaceOrientations_iPad = "UIInterfaceOrientationPortrait UIInterfaceOrientationPortraitUpsideDown UIInterfaceOrientationLandscapeLeft UIInterfaceOrientationLandscapeRight";
				INFOPLIST_KEY_UISupportedInterfaceOrientations_iPhone = "UIInterfaceOrientationPortrait UIInterfaceOrientationLandscapeLeft UIInterfaceOrientationLandscapeRight";
				LD_RUNPATH_SEARCH_PATHS = (
					"$(inherited)",
					"@executable_path/Frameworks",
				);
				MARKETING_VERSION = 1.0;
				PRODUCT_BUNDLE_IDENTIFIER = com.AppSchoolLAB8.YGGG;
				PRODUCT_NAME = "$(TARGET_NAME)";
				SWIFT_EMIT_LOC_STRINGS = YES;
				SWIFT_VERSION = 5.0;
				TARGETED_DEVICE_FAMILY = "1,2";
			};
			name = Release;
		};
/* End XCBuildConfiguration section */

/* Begin XCConfigurationList section */
		41CCE85D2C0EC83300A09411 /* Build configuration list for PBXProject "YGGG" */ = {
			isa = XCConfigurationList;
			buildConfigurations = (
				41CCE8742C0EC83400A09411 /* Debug */,
				41CCE8752C0EC83400A09411 /* Release */,
			);
			defaultConfigurationIsVisible = 0;
			defaultConfigurationName = Release;
		};
		41CCE8762C0EC83400A09411 /* Build configuration list for PBXNativeTarget "YGGG" */ = {
			isa = XCConfigurationList;
			buildConfigurations = (
				41CCE8772C0EC83400A09411 /* Debug */,
				41CCE8782C0EC83400A09411 /* Release */,
			);
			defaultConfigurationIsVisible = 0;
			defaultConfigurationName = Release;
		};
/* End XCConfigurationList section */

/* Begin XCRemoteSwiftPackageReference section */
		41CCE87B2C0ECA6000A09411 /* XCRemoteSwiftPackageReference "firebase-ios-sdk" */ = {
			isa = XCRemoteSwiftPackageReference;
			repositoryURL = "https://github.com/firebase/firebase-ios-sdk.git";
			requirement = {
				kind = upToNextMajorVersion;
				minimumVersion = 10.27.0;
			};
		};
/* End XCRemoteSwiftPackageReference section */

/* Begin XCSwiftPackageProductDependency section */
		41CCE87C2C0ECA6000A09411 /* FirebaseAppCheck */ = {
			isa = XCSwiftPackageProductDependency;
			package = 41CCE87B2C0ECA6000A09411 /* XCRemoteSwiftPackageReference "firebase-ios-sdk" */;
			productName = FirebaseAppCheck;
		};
		41CCE87E2C0ECA6000A09411 /* FirebaseAuth */ = {
			isa = XCSwiftPackageProductDependency;
			package = 41CCE87B2C0ECA6000A09411 /* XCRemoteSwiftPackageReference "firebase-ios-sdk" */;
			productName = FirebaseAuth;
		};
		41CCE8802C0ECA6000A09411 /* FirebaseDatabase */ = {
			isa = XCSwiftPackageProductDependency;
			package = 41CCE87B2C0ECA6000A09411 /* XCRemoteSwiftPackageReference "firebase-ios-sdk" */;
			productName = FirebaseDatabase;
		};
		41CCE8822C0ECA6000A09411 /* FirebaseDatabaseSwift */ = {
			isa = XCSwiftPackageProductDependency;
			package = 41CCE87B2C0ECA6000A09411 /* XCRemoteSwiftPackageReference "firebase-ios-sdk" */;
			productName = FirebaseDatabaseSwift;
		};
		41CCE8842C0ECA6000A09411 /* FirebaseFirestore */ = {
			isa = XCSwiftPackageProductDependency;
			package = 41CCE87B2C0ECA6000A09411 /* XCRemoteSwiftPackageReference "firebase-ios-sdk" */;
			productName = FirebaseFirestore;
		};
		41CCE8862C0ECA6000A09411 /* FirebaseFirestoreCombine-Community */ = {
			isa = XCSwiftPackageProductDependency;
			package = 41CCE87B2C0ECA6000A09411 /* XCRemoteSwiftPackageReference "firebase-ios-sdk" */;
			productName = "FirebaseFirestoreCombine-Community";
		};
		41CCE8882C0ECA6000A09411 /* FirebaseFirestoreSwift */ = {
			isa = XCSwiftPackageProductDependency;
			package = 41CCE87B2C0ECA6000A09411 /* XCRemoteSwiftPackageReference "firebase-ios-sdk" */;
			productName = FirebaseFirestoreSwift;
		};
		41CCE88A2C0ECA6000A09411 /* FirebaseMessaging */ = {
			isa = XCSwiftPackageProductDependency;
			package = 41CCE87B2C0ECA6000A09411 /* XCRemoteSwiftPackageReference "firebase-ios-sdk" */;
			productName = FirebaseMessaging;
		};
/* End XCSwiftPackageProductDependency section */
	};
	rootObject = 41CCE85A2C0EC83300A09411 /* Project object */;
}
