// !$*UTF8*$!
{
	archiveVersion = 1;
	classes = {
	};
	objectVersion = 56;
	objects = {

/* Begin PBXBuildFile section */
		411646F22C1AAB0E008C3694 /* CustomNaviView.swift in Sources */ = {isa = PBXBuildFile; fileRef = 411646F12C1AAB0E008C3694 /* CustomNaviView.swift */; };
		4122721D2C1422DB00E7ED9C /* ProfileService.swift in Sources */ = {isa = PBXBuildFile; fileRef = 4122721C2C1422DB00E7ED9C /* ProfileService.swift */; };
		413C0F092C11E23F00BBFBD7 /* Extension+UIColor.swift in Sources */ = {isa = PBXBuildFile; fileRef = 413C0F072C11E23F00BBFBD7 /* Extension+UIColor.swift */; };
		413C0F0E2C11E25300BBFBD7 /* ProfileViewController.swift in Sources */ = {isa = PBXBuildFile; fileRef = 413C0F0A2C11E25300BBFBD7 /* ProfileViewController.swift */; };
		413C0F0F2C11E25300BBFBD7 /* CategoryCVCell.swift in Sources */ = {isa = PBXBuildFile; fileRef = 413C0F0B2C11E25300BBFBD7 /* CategoryCVCell.swift */; };
		413C0F102C11E25300BBFBD7 /* CosmeticsTVCell.swift in Sources */ = {isa = PBXBuildFile; fileRef = 413C0F0C2C11E25300BBFBD7 /* CosmeticsTVCell.swift */; };
		413C0F112C11E25300BBFBD7 /* ProfileViewModel.swift in Sources */ = {isa = PBXBuildFile; fileRef = 413C0F0D2C11E25300BBFBD7 /* ProfileViewModel.swift */; };
		414103FD2C16872200381B7A /* MyProfileVIewController.swift in Sources */ = {isa = PBXBuildFile; fileRef = 414103FC2C16872200381B7A /* MyProfileVIewController.swift */; };
		414103FF2C1688D000381B7A /* ProfileMainView.swift in Sources */ = {isa = PBXBuildFile; fileRef = 414103FE2C1688D000381B7A /* ProfileMainView.swift */; };
		414104012C1693AC00381B7A /* MyProfileTableViewCell.swift in Sources */ = {isa = PBXBuildFile; fileRef = 414104002C1693AC00381B7A /* MyProfileTableViewCell.swift */; };
		414104032C16BC9700381B7A /* MyProfileEditViewController.swift in Sources */ = {isa = PBXBuildFile; fileRef = 414104022C16BC9700381B7A /* MyProfileEditViewController.swift */; };
		414104052C16EA6E00381B7A /* HashTagCVCell.swift in Sources */ = {isa = PBXBuildFile; fileRef = 414104042C16EA6E00381B7A /* HashTagCVCell.swift */; };
		4157B6D72C176ACF00B2CF2D /* LoginViewController.swift in Sources */ = {isa = PBXBuildFile; fileRef = 4157B6D32C176ACF00B2CF2D /* LoginViewController.swift */; };
		4157B6D82C176ACF00B2CF2D /* MainTabBarController.swift in Sources */ = {isa = PBXBuildFile; fileRef = 4157B6D42C176ACF00B2CF2D /* MainTabBarController.swift */; };
		4157B6D92C176ACF00B2CF2D /* SplashViewController.swift in Sources */ = {isa = PBXBuildFile; fileRef = 4157B6D52C176ACF00B2CF2D /* SplashViewController.swift */; };
		418279DD2C17E83800704E89 /* MyProfileEditViewModel.swift in Sources */ = {isa = PBXBuildFile; fileRef = 418279DC2C17E83800704E89 /* MyProfileEditViewModel.swift */; };
		418279E42C180DE700704E89 /* Extension+UIImageView.swift in Sources */ = {isa = PBXBuildFile; fileRef = 418279E32C180DE700704E89 /* Extension+UIImageView.swift */; };
		418279E62C180E5B00704E89 /* AccountViewController.swift in Sources */ = {isa = PBXBuildFile; fileRef = 418279E52C180E5B00704E89 /* AccountViewController.swift */; };
		418279E82C1837FD00704E89 /* MyProfileViewModel.swift in Sources */ = {isa = PBXBuildFile; fileRef = 418279E72C1837FD00704E89 /* MyProfileViewModel.swift */; };
		418C23072C18692700A90924 /* BookmarkTableViewCell.swift in Sources */ = {isa = PBXBuildFile; fileRef = 418C23002C18692700A90924 /* BookmarkTableViewCell.swift */; };
		418C23082C18692700A90924 /* BookmarkTableViewCellViewModel.swift in Sources */ = {isa = PBXBuildFile; fileRef = 418C23012C18692700A90924 /* BookmarkTableViewCellViewModel.swift */; };
		418C23092C18692700A90924 /* BookmarkTableViewController.swift in Sources */ = {isa = PBXBuildFile; fileRef = 418C23022C18692700A90924 /* BookmarkTableViewController.swift */; };
		418C230A2C18692700A90924 /* BookmarkTableViewModel.swift in Sources */ = {isa = PBXBuildFile; fileRef = 418C23032C18692700A90924 /* BookmarkTableViewModel.swift */; };
		418C230B2C18692700A90924 /* CustomSearchBar.swift in Sources */ = {isa = PBXBuildFile; fileRef = 418C23042C18692700A90924 /* CustomSearchBar.swift */; };
		418C230C2C18692700A90924 /* SearchInfoViewController.swift in Sources */ = {isa = PBXBuildFile; fileRef = 418C23052C18692700A90924 /* SearchInfoViewController.swift */; };
		418C230E2C186A1500A90924 /* GoogleSignIn in Frameworks */ = {isa = PBXBuildFile; productRef = 418C230D2C186A1500A90924 /* GoogleSignIn */; };
		418C23102C186A1500A90924 /* GoogleSignInSwift in Frameworks */ = {isa = PBXBuildFile; productRef = 418C230F2C186A1500A90924 /* GoogleSignInSwift */; };
		418C23122C186A4900A90924 /* FirebaseAuth in Frameworks */ = {isa = PBXBuildFile; productRef = 418C23112C186A4900A90924 /* FirebaseAuth */; };
		418C23142C186A4900A90924 /* FirebaseDatabase in Frameworks */ = {isa = PBXBuildFile; productRef = 418C23132C186A4900A90924 /* FirebaseDatabase */; };
		418C23162C186A4900A90924 /* FirebaseFirestore in Frameworks */ = {isa = PBXBuildFile; productRef = 418C23152C186A4900A90924 /* FirebaseFirestore */; };
		418C23182C186A4900A90924 /* FirebaseStorage in Frameworks */ = {isa = PBXBuildFile; productRef = 418C23172C186A4900A90924 /* FirebaseStorage */; };
		418C231A2C186A7400A90924 /* FirebaseFirestoreSwift in Frameworks */ = {isa = PBXBuildFile; productRef = 418C23192C186A7400A90924 /* FirebaseFirestoreSwift */; };
		418C232B2C18772200A90924 /* FireBase.swift in Sources */ = {isa = PBXBuildFile; fileRef = 418C231B2C18772100A90924 /* FireBase.swift */; };
		418C232C2C18772200A90924 /* DoubleTitleView.swift in Sources */ = {isa = PBXBuildFile; fileRef = 418C231D2C18772200A90924 /* DoubleTitleView.swift */; };
		418C23302C18772200A90924 /* MainViewController.swift in Sources */ = {isa = PBXBuildFile; fileRef = 418C23212C18772200A90924 /* MainViewController.swift */; };
		418C23312C18772200A90924 /* CustomCollectionViewCell.swift in Sources */ = {isa = PBXBuildFile; fileRef = 418C23222C18772200A90924 /* CustomCollectionViewCell.swift */; };
		418C23322C18772200A90924 /* CircleButtonCell.swift in Sources */ = {isa = PBXBuildFile; fileRef = 418C23232C18772200A90924 /* CircleButtonCell.swift */; };
		418C23332C18772200A90924 /* DateModalViewController.swift in Sources */ = {isa = PBXBuildFile; fileRef = 418C23242C18772200A90924 /* DateModalViewController.swift */; };
		418C23342C18772200A90924 /* IconModalViewController.swift in Sources */ = {isa = PBXBuildFile; fileRef = 418C23252C18772200A90924 /* IconModalViewController.swift */; };
		418C23352C18772200A90924 /* KindModalViewController.swift in Sources */ = {isa = PBXBuildFile; fileRef = 418C23262C18772200A90924 /* KindModalViewController.swift */; };
		418C23362C18772200A90924 /* ModalViewModel.swift in Sources */ = {isa = PBXBuildFile; fileRef = 418C23272C18772200A90924 /* ModalViewModel.swift */; };
		418C23372C18772200A90924 /* NameModalViewController.swift in Sources */ = {isa = PBXBuildFile; fileRef = 418C23282C18772200A90924 /* NameModalViewController.swift */; };
		418C23382C18772200A90924 /* OptionTableViewController.swift in Sources */ = {isa = PBXBuildFile; fileRef = 418C23292C18772200A90924 /* OptionTableViewController.swift */; };
		41CCE8662C0EC83300A09411 /* AppDelegate.swift in Sources */ = {isa = PBXBuildFile; fileRef = 41CCE8652C0EC83300A09411 /* AppDelegate.swift */; };
		41CCE8682C0EC83300A09411 /* SceneDelegate.swift in Sources */ = {isa = PBXBuildFile; fileRef = 41CCE8672C0EC83300A09411 /* SceneDelegate.swift */; };
		41CCE86F2C0EC83400A09411 /* Assets.xcassets in Resources */ = {isa = PBXBuildFile; fileRef = 41CCE86E2C0EC83400A09411 /* Assets.xcassets */; };
		41CCE87A2C0EC9FD00A09411 /* GoogleService-Info.plist in Resources */ = {isa = PBXBuildFile; fileRef = 41CCE8792C0EC9FD00A09411 /* GoogleService-Info.plist */; };
		5330C2AC2C0EE54800136C4D /* Launch Screen.storyboard in Resources */ = {isa = PBXBuildFile; fileRef = 5330C2AB2C0EE54800136C4D /* Launch Screen.storyboard */; };
/* End PBXBuildFile section */

/* Begin PBXFileReference section */
		411646F12C1AAB0E008C3694 /* CustomNaviView.swift */ = {isa = PBXFileReference; lastKnownFileType = sourcecode.swift; path = CustomNaviView.swift; sourceTree = "<group>"; };
		4122721C2C1422DB00E7ED9C /* ProfileService.swift */ = {isa = PBXFileReference; lastKnownFileType = sourcecode.swift; path = ProfileService.swift; sourceTree = "<group>"; };
		413C0F072C11E23F00BBFBD7 /* Extension+UIColor.swift */ = {isa = PBXFileReference; fileEncoding = 4; lastKnownFileType = sourcecode.swift; path = "Extension+UIColor.swift"; sourceTree = "<group>"; };
		413C0F0A2C11E25300BBFBD7 /* ProfileViewController.swift */ = {isa = PBXFileReference; fileEncoding = 4; lastKnownFileType = sourcecode.swift; path = ProfileViewController.swift; sourceTree = "<group>"; };
		413C0F0B2C11E25300BBFBD7 /* CategoryCVCell.swift */ = {isa = PBXFileReference; fileEncoding = 4; lastKnownFileType = sourcecode.swift; path = CategoryCVCell.swift; sourceTree = "<group>"; };
		413C0F0C2C11E25300BBFBD7 /* CosmeticsTVCell.swift */ = {isa = PBXFileReference; fileEncoding = 4; lastKnownFileType = sourcecode.swift; path = CosmeticsTVCell.swift; sourceTree = "<group>"; };
		413C0F0D2C11E25300BBFBD7 /* ProfileViewModel.swift */ = {isa = PBXFileReference; fileEncoding = 4; lastKnownFileType = sourcecode.swift; path = ProfileViewModel.swift; sourceTree = "<group>"; };
		414103FC2C16872200381B7A /* MyProfileVIewController.swift */ = {isa = PBXFileReference; lastKnownFileType = sourcecode.swift; path = MyProfileVIewController.swift; sourceTree = "<group>"; };
		414103FE2C1688D000381B7A /* ProfileMainView.swift */ = {isa = PBXFileReference; lastKnownFileType = sourcecode.swift; path = ProfileMainView.swift; sourceTree = "<group>"; };
		414104002C1693AC00381B7A /* MyProfileTableViewCell.swift */ = {isa = PBXFileReference; lastKnownFileType = sourcecode.swift; path = MyProfileTableViewCell.swift; sourceTree = "<group>"; };
		414104022C16BC9700381B7A /* MyProfileEditViewController.swift */ = {isa = PBXFileReference; lastKnownFileType = sourcecode.swift; path = MyProfileEditViewController.swift; sourceTree = "<group>"; };
		414104042C16EA6E00381B7A /* HashTagCVCell.swift */ = {isa = PBXFileReference; lastKnownFileType = sourcecode.swift; path = HashTagCVCell.swift; sourceTree = "<group>"; };
		4157B6D32C176ACF00B2CF2D /* LoginViewController.swift */ = {isa = PBXFileReference; fileEncoding = 4; lastKnownFileType = sourcecode.swift; path = LoginViewController.swift; sourceTree = "<group>"; };
		4157B6D42C176ACF00B2CF2D /* MainTabBarController.swift */ = {isa = PBXFileReference; fileEncoding = 4; lastKnownFileType = sourcecode.swift; path = MainTabBarController.swift; sourceTree = "<group>"; };
		4157B6D52C176ACF00B2CF2D /* SplashViewController.swift */ = {isa = PBXFileReference; fileEncoding = 4; lastKnownFileType = sourcecode.swift; path = SplashViewController.swift; sourceTree = "<group>"; };
		418279DC2C17E83800704E89 /* MyProfileEditViewModel.swift */ = {isa = PBXFileReference; lastKnownFileType = sourcecode.swift; path = MyProfileEditViewModel.swift; sourceTree = "<group>"; };
		418279E32C180DE700704E89 /* Extension+UIImageView.swift */ = {isa = PBXFileReference; lastKnownFileType = sourcecode.swift; path = "Extension+UIImageView.swift"; sourceTree = "<group>"; };
		418279E52C180E5B00704E89 /* AccountViewController.swift */ = {isa = PBXFileReference; lastKnownFileType = sourcecode.swift; path = AccountViewController.swift; sourceTree = "<group>"; };
		418279E72C1837FD00704E89 /* MyProfileViewModel.swift */ = {isa = PBXFileReference; lastKnownFileType = sourcecode.swift; path = MyProfileViewModel.swift; sourceTree = "<group>"; };
		418C23002C18692700A90924 /* BookmarkTableViewCell.swift */ = {isa = PBXFileReference; fileEncoding = 4; lastKnownFileType = sourcecode.swift; path = BookmarkTableViewCell.swift; sourceTree = "<group>"; };
		418C23012C18692700A90924 /* BookmarkTableViewCellViewModel.swift */ = {isa = PBXFileReference; fileEncoding = 4; lastKnownFileType = sourcecode.swift; path = BookmarkTableViewCellViewModel.swift; sourceTree = "<group>"; };
		418C23022C18692700A90924 /* BookmarkTableViewController.swift */ = {isa = PBXFileReference; fileEncoding = 4; lastKnownFileType = sourcecode.swift; path = BookmarkTableViewController.swift; sourceTree = "<group>"; };
		418C23032C18692700A90924 /* BookmarkTableViewModel.swift */ = {isa = PBXFileReference; fileEncoding = 4; lastKnownFileType = sourcecode.swift; path = BookmarkTableViewModel.swift; sourceTree = "<group>"; };
		418C23042C18692700A90924 /* CustomSearchBar.swift */ = {isa = PBXFileReference; fileEncoding = 4; lastKnownFileType = sourcecode.swift; path = CustomSearchBar.swift; sourceTree = "<group>"; };
		418C23052C18692700A90924 /* SearchInfoViewController.swift */ = {isa = PBXFileReference; fileEncoding = 4; lastKnownFileType = sourcecode.swift; path = SearchInfoViewController.swift; sourceTree = "<group>"; };
		418C231B2C18772100A90924 /* FireBase.swift */ = {isa = PBXFileReference; fileEncoding = 4; lastKnownFileType = sourcecode.swift; path = FireBase.swift; sourceTree = "<group>"; };
		418C231D2C18772200A90924 /* DoubleTitleView.swift */ = {isa = PBXFileReference; fileEncoding = 4; lastKnownFileType = sourcecode.swift; path = DoubleTitleView.swift; sourceTree = "<group>"; };
		418C23212C18772200A90924 /* MainViewController.swift */ = {isa = PBXFileReference; fileEncoding = 4; lastKnownFileType = sourcecode.swift; path = MainViewController.swift; sourceTree = "<group>"; };
		418C23222C18772200A90924 /* CustomCollectionViewCell.swift */ = {isa = PBXFileReference; fileEncoding = 4; lastKnownFileType = sourcecode.swift; path = CustomCollectionViewCell.swift; sourceTree = "<group>"; };
		418C23232C18772200A90924 /* CircleButtonCell.swift */ = {isa = PBXFileReference; fileEncoding = 4; lastKnownFileType = sourcecode.swift; path = CircleButtonCell.swift; sourceTree = "<group>"; };
		418C23242C18772200A90924 /* DateModalViewController.swift */ = {isa = PBXFileReference; fileEncoding = 4; lastKnownFileType = sourcecode.swift; path = DateModalViewController.swift; sourceTree = "<group>"; };
		418C23252C18772200A90924 /* IconModalViewController.swift */ = {isa = PBXFileReference; fileEncoding = 4; lastKnownFileType = sourcecode.swift; path = IconModalViewController.swift; sourceTree = "<group>"; };
		418C23262C18772200A90924 /* KindModalViewController.swift */ = {isa = PBXFileReference; fileEncoding = 4; lastKnownFileType = sourcecode.swift; path = KindModalViewController.swift; sourceTree = "<group>"; };
		418C23272C18772200A90924 /* ModalViewModel.swift */ = {isa = PBXFileReference; fileEncoding = 4; lastKnownFileType = sourcecode.swift; path = ModalViewModel.swift; sourceTree = "<group>"; };
		418C23282C18772200A90924 /* NameModalViewController.swift */ = {isa = PBXFileReference; fileEncoding = 4; lastKnownFileType = sourcecode.swift; path = NameModalViewController.swift; sourceTree = "<group>"; };
		418C23292C18772200A90924 /* OptionTableViewController.swift */ = {isa = PBXFileReference; fileEncoding = 4; lastKnownFileType = sourcecode.swift; path = OptionTableViewController.swift; sourceTree = "<group>"; };
		41CCE8622C0EC83300A09411 /* YGGG.app */ = {isa = PBXFileReference; explicitFileType = wrapper.application; includeInIndex = 0; path = YGGG.app; sourceTree = BUILT_PRODUCTS_DIR; };
		41CCE8652C0EC83300A09411 /* AppDelegate.swift */ = {isa = PBXFileReference; lastKnownFileType = sourcecode.swift; path = AppDelegate.swift; sourceTree = "<group>"; };
		41CCE8672C0EC83300A09411 /* SceneDelegate.swift */ = {isa = PBXFileReference; lastKnownFileType = sourcecode.swift; path = SceneDelegate.swift; sourceTree = "<group>"; };
		41CCE86E2C0EC83400A09411 /* Assets.xcassets */ = {isa = PBXFileReference; lastKnownFileType = folder.assetcatalog; path = Assets.xcassets; sourceTree = "<group>"; };
		41CCE8732C0EC83400A09411 /* Info.plist */ = {isa = PBXFileReference; lastKnownFileType = text.plist.xml; path = Info.plist; sourceTree = "<group>"; };
		41CCE8792C0EC9FD00A09411 /* GoogleService-Info.plist */ = {isa = PBXFileReference; fileEncoding = 4; lastKnownFileType = text.plist.xml; path = "GoogleService-Info.plist"; sourceTree = SOURCE_ROOT; };
		5330C2AB2C0EE54800136C4D /* Launch Screen.storyboard */ = {isa = PBXFileReference; lastKnownFileType = file.storyboard; path = "Launch Screen.storyboard"; sourceTree = "<group>"; };
/* End PBXFileReference section */

/* Begin PBXFrameworksBuildPhase section */
		41CCE85F2C0EC83300A09411 /* Frameworks */ = {
			isa = PBXFrameworksBuildPhase;
			buildActionMask = 2147483647;
			files = (
				418C230E2C186A1500A90924 /* GoogleSignIn in Frameworks */,
				418C23122C186A4900A90924 /* FirebaseAuth in Frameworks */,
				418C23142C186A4900A90924 /* FirebaseDatabase in Frameworks */,
				418C231A2C186A7400A90924 /* FirebaseFirestoreSwift in Frameworks */,
				418C23162C186A4900A90924 /* FirebaseFirestore in Frameworks */,
				418C23102C186A1500A90924 /* GoogleSignInSwift in Frameworks */,
				418C23182C186A4900A90924 /* FirebaseStorage in Frameworks */,
			);
			runOnlyForDeploymentPostprocessing = 0;
		};
/* End PBXFrameworksBuildPhase section */

/* Begin PBXGroup section */
		413C0F062C11E22100BBFBD7 /* Profile */ = {
			isa = PBXGroup;
			children = (
				413C0F0B2C11E25300BBFBD7 /* CategoryCVCell.swift */,
				413C0F0C2C11E25300BBFBD7 /* CosmeticsTVCell.swift */,
				413C0F0A2C11E25300BBFBD7 /* ProfileViewController.swift */,
				413C0F0D2C11E25300BBFBD7 /* ProfileViewModel.swift */,
				4122721C2C1422DB00E7ED9C /* ProfileService.swift */,
			);
			path = Profile;
			sourceTree = "<group>";
		};
		413C0F082C11E23F00BBFBD7 /* Extension */ = {
			isa = PBXGroup;
			children = (
				413C0F072C11E23F00BBFBD7 /* Extension+UIColor.swift */,
				418279E32C180DE700704E89 /* Extension+UIImageView.swift */,
			);
			path = Extension;
			sourceTree = "<group>";
		};
		414103FB2C16870A00381B7A /* MYProfile */ = {
			isa = PBXGroup;
			children = (
				414103FE2C1688D000381B7A /* ProfileMainView.swift */,
				418279E22C180DCC00704E89 /* ProfileView */,
				418279E12C180DC200704E89 /* EditView */,
				418279E52C180E5B00704E89 /* AccountViewController.swift */,
			);
			path = MYProfile;
			sourceTree = "<group>";
		};
		4157B6D62C176ACF00B2CF2D /* Login */ = {
			isa = PBXGroup;
			children = (
				4157B6D32C176ACF00B2CF2D /* LoginViewController.swift */,
				4157B6D42C176ACF00B2CF2D /* MainTabBarController.swift */,
				4157B6D52C176ACF00B2CF2D /* SplashViewController.swift */,
				418C231D2C18772200A90924 /* DoubleTitleView.swift */,
			);
			path = Login;
			sourceTree = "<group>";
		};
		418279DE2C17E90E00704E89 /* Frameworks */ = {
			isa = PBXGroup;
			children = (
			);
			name = Frameworks;
			sourceTree = "<group>";
		};
		418279E12C180DC200704E89 /* EditView */ = {
			isa = PBXGroup;
			children = (
				414104022C16BC9700381B7A /* MyProfileEditViewController.swift */,
				418279DC2C17E83800704E89 /* MyProfileEditViewModel.swift */,
			);
			path = EditView;
			sourceTree = "<group>";
		};
		418279E22C180DCC00704E89 /* ProfileView */ = {
			isa = PBXGroup;
			children = (
				414103FC2C16872200381B7A /* MyProfileVIewController.swift */,
				418279E72C1837FD00704E89 /* MyProfileViewModel.swift */,
				414104002C1693AC00381B7A /* MyProfileTableViewCell.swift */,
				414104042C16EA6E00381B7A /* HashTagCVCell.swift */,
			);
			path = ProfileView;
			sourceTree = "<group>";
		};
		418C23062C18692700A90924 /* BookmarkTap */ = {
			isa = PBXGroup;
			children = (
				418C23002C18692700A90924 /* BookmarkTableViewCell.swift */,
				418C23012C18692700A90924 /* BookmarkTableViewCellViewModel.swift */,
				418C23022C18692700A90924 /* BookmarkTableViewController.swift */,
				418C23032C18692700A90924 /* BookmarkTableViewModel.swift */,
				418C23042C18692700A90924 /* CustomSearchBar.swift */,
				418C23052C18692700A90924 /* SearchInfoViewController.swift */,
			);
			path = BookmarkTap;
			sourceTree = "<group>";
		};
		418C231C2C18772100A90924 /* FireBase */ = {
			isa = PBXGroup;
			children = (
				418C231B2C18772100A90924 /* FireBase.swift */,
			);
			path = FireBase;
			sourceTree = "<group>";
		};
		418C232A2C18772200A90924 /* Modal */ = {
			isa = PBXGroup;
			children = (
				418C23232C18772200A90924 /* CircleButtonCell.swift */,
				418C23282C18772200A90924 /* NameModalViewController.swift */,
				418C23262C18772200A90924 /* KindModalViewController.swift */,
				418C23242C18772200A90924 /* DateModalViewController.swift */,
				418C23252C18772200A90924 /* IconModalViewController.swift */,
				418C23272C18772200A90924 /* ModalViewModel.swift */,
				418C23292C18772200A90924 /* OptionTableViewController.swift */,
			);
			path = Modal;
			sourceTree = "<group>";
		};
		41CCE8592C0EC83300A09411 = {
			isa = PBXGroup;
			children = (
				41CCE8642C0EC83300A09411 /* YGGG */,
				41CCE8632C0EC83300A09411 /* Products */,
				418279DE2C17E90E00704E89 /* Frameworks */,
			);
			sourceTree = "<group>";
		};
		41CCE8632C0EC83300A09411 /* Products */ = {
			isa = PBXGroup;
			children = (
				41CCE8622C0EC83300A09411 /* YGGG.app */,
			);
			name = Products;
			sourceTree = "<group>";
		};
		41CCE8642C0EC83300A09411 /* YGGG */ = {
			isa = PBXGroup;
			children = (
				411646F12C1AAB0E008C3694 /* CustomNaviView.swift */,
				418C23062C18692700A90924 /* BookmarkTap */,
				4157B6D62C176ACF00B2CF2D /* Login */,
				414103FB2C16870A00381B7A /* MYProfile */,
				413C0F082C11E23F00BBFBD7 /* Extension */,
				413C0F062C11E22100BBFBD7 /* Profile */,
				5763B1C52C0EFC00007C0F57 /* Main */,
				41CCE8792C0EC9FD00A09411 /* GoogleService-Info.plist */,
				41CCE8652C0EC83300A09411 /* AppDelegate.swift */,
				41CCE8672C0EC83300A09411 /* SceneDelegate.swift */,
				41CCE86E2C0EC83400A09411 /* Assets.xcassets */,
				5330C2AB2C0EE54800136C4D /* Launch Screen.storyboard */,
				41CCE8732C0EC83400A09411 /* Info.plist */,
			);
			path = YGGG;
			sourceTree = "<group>";
		};
		5763B1C52C0EFC00007C0F57 /* Main */ = {
			isa = PBXGroup;
			children = (
				418C231C2C18772100A90924 /* FireBase */,
				418C23212C18772200A90924 /* MainViewController.swift */,
				418C23222C18772200A90924 /* CustomCollectionViewCell.swift */,
				418C232A2C18772200A90924 /* Modal */,
			);
			path = Main;
			sourceTree = "<group>";
		};
/* End PBXGroup section */

/* Begin PBXNativeTarget section */
		41CCE8612C0EC83300A09411 /* YGGG */ = {
			isa = PBXNativeTarget;
			buildConfigurationList = 41CCE8762C0EC83400A09411 /* Build configuration list for PBXNativeTarget "YGGG" */;
			buildPhases = (
				41CCE85E2C0EC83300A09411 /* Sources */,
				41CCE85F2C0EC83300A09411 /* Frameworks */,
				41CCE8602C0EC83300A09411 /* Resources */,
			);
			buildRules = (
			);
			dependencies = (
			);
			name = YGGG;
			packageProductDependencies = (
				418C230D2C186A1500A90924 /* GoogleSignIn */,
				418C230F2C186A1500A90924 /* GoogleSignInSwift */,
				418C23112C186A4900A90924 /* FirebaseAuth */,
				418C23132C186A4900A90924 /* FirebaseDatabase */,
				418C23152C186A4900A90924 /* FirebaseFirestore */,
				418C23172C186A4900A90924 /* FirebaseStorage */,
				418C23192C186A7400A90924 /* FirebaseFirestoreSwift */,
			);
			productName = YGGG;
			productReference = 41CCE8622C0EC83300A09411 /* YGGG.app */;
			productType = "com.apple.product-type.application";
		};
/* End PBXNativeTarget section */

/* Begin PBXProject section */
		41CCE85A2C0EC83300A09411 /* Project object */ = {
			isa = PBXProject;
			attributes = {
				BuildIndependentTargetsInParallel = 1;
				LastSwiftUpdateCheck = 1540;
				LastUpgradeCheck = 1540;
				TargetAttributes = {
					41CCE8612C0EC83300A09411 = {
						CreatedOnToolsVersion = 15.4;
					};
				};
			};
			buildConfigurationList = 41CCE85D2C0EC83300A09411 /* Build configuration list for PBXProject "YGGG" */;
			compatibilityVersion = "Xcode 14.0";
			developmentRegion = en;
			hasScannedForEncodings = 0;
			knownRegions = (
				en,
				Base,
			);
			mainGroup = 41CCE8592C0EC83300A09411;
			packageReferences = (
				41CCE87B2C0ECA6000A09411 /* XCRemoteSwiftPackageReference "firebase-ios-sdk" */,
				4157B6DA2C176AF500B2CF2D /* XCRemoteSwiftPackageReference "GoogleSignIn-iOS" */,
			);
			productRefGroup = 41CCE8632C0EC83300A09411 /* Products */;
			projectDirPath = "";
			projectRoot = "";
			targets = (
				41CCE8612C0EC83300A09411 /* YGGG */,
			);
		};
/* End PBXProject section */

/* Begin PBXResourcesBuildPhase section */
		41CCE8602C0EC83300A09411 /* Resources */ = {
			isa = PBXResourcesBuildPhase;
			buildActionMask = 2147483647;
			files = (
				41CCE86F2C0EC83400A09411 /* Assets.xcassets in Resources */,
				5330C2AC2C0EE54800136C4D /* Launch Screen.storyboard in Resources */,
				41CCE87A2C0EC9FD00A09411 /* GoogleService-Info.plist in Resources */,
			);
			runOnlyForDeploymentPostprocessing = 0;
		};
/* End PBXResourcesBuildPhase section */

/* Begin PBXSourcesBuildPhase section */
		41CCE85E2C0EC83300A09411 /* Sources */ = {
			isa = PBXSourcesBuildPhase;
			buildActionMask = 2147483647;
			files = (
				418C23082C18692700A90924 /* BookmarkTableViewCellViewModel.swift in Sources */,
				418C23312C18772200A90924 /* CustomCollectionViewCell.swift in Sources */,
				418C230A2C18692700A90924 /* BookmarkTableViewModel.swift in Sources */,
				418C23332C18772200A90924 /* DateModalViewController.swift in Sources */,
				4157B6D92C176ACF00B2CF2D /* SplashViewController.swift in Sources */,
				418279E82C1837FD00704E89 /* MyProfileViewModel.swift in Sources */,
				4157B6D72C176ACF00B2CF2D /* LoginViewController.swift in Sources */,
				418C23372C18772200A90924 /* NameModalViewController.swift in Sources */,
				413C0F0F2C11E25300BBFBD7 /* CategoryCVCell.swift in Sources */,
				418C23302C18772200A90924 /* MainViewController.swift in Sources */,
				414104012C1693AC00381B7A /* MyProfileTableViewCell.swift in Sources */,
				418C23342C18772200A90924 /* IconModalViewController.swift in Sources */,
				414104032C16BC9700381B7A /* MyProfileEditViewController.swift in Sources */,
				418C230C2C18692700A90924 /* SearchInfoViewController.swift in Sources */,
				411646F22C1AAB0E008C3694 /* CustomNaviView.swift in Sources */,
				418C23382C18772200A90924 /* OptionTableViewController.swift in Sources */,
				418279DD2C17E83800704E89 /* MyProfileEditViewModel.swift in Sources */,
				418C23322C18772200A90924 /* CircleButtonCell.swift in Sources */,
				418C232B2C18772200A90924 /* FireBase.swift in Sources */,
				4157B6D82C176ACF00B2CF2D /* MainTabBarController.swift in Sources */,
				418C230B2C18692700A90924 /* CustomSearchBar.swift in Sources */,
				41CCE8662C0EC83300A09411 /* AppDelegate.swift in Sources */,
				414103FD2C16872200381B7A /* MyProfileVIewController.swift in Sources */,
				413C0F0E2C11E25300BBFBD7 /* ProfileViewController.swift in Sources */,
				418C23072C18692700A90924 /* BookmarkTableViewCell.swift in Sources */,
				413C0F092C11E23F00BBFBD7 /* Extension+UIColor.swift in Sources */,
				41CCE8682C0EC83300A09411 /* SceneDelegate.swift in Sources */,
				413C0F102C11E25300BBFBD7 /* CosmeticsTVCell.swift in Sources */,
				418279E42C180DE700704E89 /* Extension+UIImageView.swift in Sources */,
				414104052C16EA6E00381B7A /* HashTagCVCell.swift in Sources */,
				418C232C2C18772200A90924 /* DoubleTitleView.swift in Sources */,
				418C23362C18772200A90924 /* ModalViewModel.swift in Sources */,
				413C0F112C11E25300BBFBD7 /* ProfileViewModel.swift in Sources */,
				414103FF2C1688D000381B7A /* ProfileMainView.swift in Sources */,
				418C23092C18692700A90924 /* BookmarkTableViewController.swift in Sources */,
				418279E62C180E5B00704E89 /* AccountViewController.swift in Sources */,
				4122721D2C1422DB00E7ED9C /* ProfileService.swift in Sources */,
				418C23352C18772200A90924 /* KindModalViewController.swift in Sources */,
			);
			runOnlyForDeploymentPostprocessing = 0;
		};
/* End PBXSourcesBuildPhase section */

/* Begin XCBuildConfiguration section */
		41CCE8742C0EC83400A09411 /* Debug */ = {
			isa = XCBuildConfiguration;
			buildSettings = {
				ALWAYS_SEARCH_USER_PATHS = NO;
				ASSETCATALOG_COMPILER_GENERATE_SWIFT_ASSET_SYMBOL_EXTENSIONS = YES;
				CLANG_ANALYZER_NONNULL = YES;
				CLANG_ANALYZER_NUMBER_OBJECT_CONVERSION = YES_AGGRESSIVE;
				CLANG_CXX_LANGUAGE_STANDARD = "gnu++20";
				CLANG_ENABLE_MODULES = YES;
				CLANG_ENABLE_OBJC_ARC = YES;
				CLANG_ENABLE_OBJC_WEAK = YES;
				CLANG_WARN_BLOCK_CAPTURE_AUTORELEASING = YES;
				CLANG_WARN_BOOL_CONVERSION = YES;
				CLANG_WARN_COMMA = YES;
				CLANG_WARN_CONSTANT_CONVERSION = YES;
				CLANG_WARN_DEPRECATED_OBJC_IMPLEMENTATIONS = YES;
				CLANG_WARN_DIRECT_OBJC_ISA_USAGE = YES_ERROR;
				CLANG_WARN_DOCUMENTATION_COMMENTS = YES;
				CLANG_WARN_EMPTY_BODY = YES;
				CLANG_WARN_ENUM_CONVERSION = YES;
				CLANG_WARN_INFINITE_RECURSION = YES;
				CLANG_WARN_INT_CONVERSION = YES;
				CLANG_WARN_NON_LITERAL_NULL_CONVERSION = YES;
				CLANG_WARN_OBJC_IMPLICIT_RETAIN_SELF = YES;
				CLANG_WARN_OBJC_LITERAL_CONVERSION = YES;
				CLANG_WARN_OBJC_ROOT_CLASS = YES_ERROR;
				CLANG_WARN_QUOTED_INCLUDE_IN_FRAMEWORK_HEADER = YES;
				CLANG_WARN_RANGE_LOOP_ANALYSIS = YES;
				CLANG_WARN_STRICT_PROTOTYPES = YES;
				CLANG_WARN_SUSPICIOUS_MOVE = YES;
				CLANG_WARN_UNGUARDED_AVAILABILITY = YES_AGGRESSIVE;
				CLANG_WARN_UNREACHABLE_CODE = YES;
				CLANG_WARN__DUPLICATE_METHOD_MATCH = YES;
				COPY_PHASE_STRIP = NO;
				DEBUG_INFORMATION_FORMAT = dwarf;
				ENABLE_STRICT_OBJC_MSGSEND = YES;
				ENABLE_TESTABILITY = YES;
				ENABLE_USER_SCRIPT_SANDBOXING = YES;
				GCC_C_LANGUAGE_STANDARD = gnu17;
				GCC_DYNAMIC_NO_PIC = NO;
				GCC_NO_COMMON_BLOCKS = YES;
				GCC_OPTIMIZATION_LEVEL = 0;
				GCC_PREPROCESSOR_DEFINITIONS = (
					"DEBUG=1",
					"$(inherited)",
				);
				GCC_WARN_64_TO_32_BIT_CONVERSION = YES;
				GCC_WARN_ABOUT_RETURN_TYPE = YES_ERROR;
				GCC_WARN_UNDECLARED_SELECTOR = YES;
				GCC_WARN_UNINITIALIZED_AUTOS = YES_AGGRESSIVE;
				GCC_WARN_UNUSED_FUNCTION = YES;
				GCC_WARN_UNUSED_VARIABLE = YES;
				IPHONEOS_DEPLOYMENT_TARGET = 17.5;
				LOCALIZATION_PREFERS_STRING_CATALOGS = YES;
				MTL_ENABLE_DEBUG_INFO = INCLUDE_SOURCE;
				MTL_FAST_MATH = YES;
				ONLY_ACTIVE_ARCH = YES;
				SDKROOT = iphoneos;
				SWIFT_ACTIVE_COMPILATION_CONDITIONS = "DEBUG $(inherited)";
				SWIFT_OPTIMIZATION_LEVEL = "-Onone";
			};
			name = Debug;
		};
		41CCE8752C0EC83400A09411 /* Release */ = {
			isa = XCBuildConfiguration;
			buildSettings = {
				ALWAYS_SEARCH_USER_PATHS = NO;
				ASSETCATALOG_COMPILER_GENERATE_SWIFT_ASSET_SYMBOL_EXTENSIONS = YES;
				CLANG_ANALYZER_NONNULL = YES;
				CLANG_ANALYZER_NUMBER_OBJECT_CONVERSION = YES_AGGRESSIVE;
				CLANG_CXX_LANGUAGE_STANDARD = "gnu++20";
				CLANG_ENABLE_MODULES = YES;
				CLANG_ENABLE_OBJC_ARC = YES;
				CLANG_ENABLE_OBJC_WEAK = YES;
				CLANG_WARN_BLOCK_CAPTURE_AUTORELEASING = YES;
				CLANG_WARN_BOOL_CONVERSION = YES;
				CLANG_WARN_COMMA = YES;
				CLANG_WARN_CONSTANT_CONVERSION = YES;
				CLANG_WARN_DEPRECATED_OBJC_IMPLEMENTATIONS = YES;
				CLANG_WARN_DIRECT_OBJC_ISA_USAGE = YES_ERROR;
				CLANG_WARN_DOCUMENTATION_COMMENTS = YES;
				CLANG_WARN_EMPTY_BODY = YES;
				CLANG_WARN_ENUM_CONVERSION = YES;
				CLANG_WARN_INFINITE_RECURSION = YES;
				CLANG_WARN_INT_CONVERSION = YES;
				CLANG_WARN_NON_LITERAL_NULL_CONVERSION = YES;
				CLANG_WARN_OBJC_IMPLICIT_RETAIN_SELF = YES;
				CLANG_WARN_OBJC_LITERAL_CONVERSION = YES;
				CLANG_WARN_OBJC_ROOT_CLASS = YES_ERROR;
				CLANG_WARN_QUOTED_INCLUDE_IN_FRAMEWORK_HEADER = YES;
				CLANG_WARN_RANGE_LOOP_ANALYSIS = YES;
				CLANG_WARN_STRICT_PROTOTYPES = YES;
				CLANG_WARN_SUSPICIOUS_MOVE = YES;
				CLANG_WARN_UNGUARDED_AVAILABILITY = YES_AGGRESSIVE;
				CLANG_WARN_UNREACHABLE_CODE = YES;
				CLANG_WARN__DUPLICATE_METHOD_MATCH = YES;
				COPY_PHASE_STRIP = NO;
				DEBUG_INFORMATION_FORMAT = "dwarf-with-dsym";
				ENABLE_NS_ASSERTIONS = NO;
				ENABLE_STRICT_OBJC_MSGSEND = YES;
				ENABLE_USER_SCRIPT_SANDBOXING = YES;
				GCC_C_LANGUAGE_STANDARD = gnu17;
				GCC_NO_COMMON_BLOCKS = YES;
				GCC_WARN_64_TO_32_BIT_CONVERSION = YES;
				GCC_WARN_ABOUT_RETURN_TYPE = YES_ERROR;
				GCC_WARN_UNDECLARED_SELECTOR = YES;
				GCC_WARN_UNINITIALIZED_AUTOS = YES_AGGRESSIVE;
				GCC_WARN_UNUSED_FUNCTION = YES;
				GCC_WARN_UNUSED_VARIABLE = YES;
				IPHONEOS_DEPLOYMENT_TARGET = 17.5;
				LOCALIZATION_PREFERS_STRING_CATALOGS = YES;
				MTL_ENABLE_DEBUG_INFO = NO;
				MTL_FAST_MATH = YES;
				SDKROOT = iphoneos;
				SWIFT_COMPILATION_MODE = wholemodule;
				VALIDATE_PRODUCT = YES;
			};
			name = Release;
		};
		41CCE8772C0EC83400A09411 /* Debug */ = {
			isa = XCBuildConfiguration;
			buildSettings = {
				ASSETCATALOG_COMPILER_APPICON_NAME = AppIcon;
				ASSETCATALOG_COMPILER_GLOBAL_ACCENT_COLOR_NAME = AccentColor;
				CODE_SIGN_STYLE = Automatic;
				CURRENT_PROJECT_VERSION = 1;
				DEVELOPMENT_TEAM = 9UU59NTC96;
				GENERATE_INFOPLIST_FILE = YES;
				INFOPLIST_FILE = YGGG/Info.plist;
				INFOPLIST_KEY_UIApplicationSupportsIndirectInputEvents = YES;
				INFOPLIST_KEY_UILaunchStoryboardName = "Launch Screen.storyboard";
				INFOPLIST_KEY_UIMainStoryboardFile = "";
				INFOPLIST_KEY_UISupportedInterfaceOrientations_iPad = "UIInterfaceOrientationPortrait UIInterfaceOrientationPortraitUpsideDown UIInterfaceOrientationLandscapeLeft UIInterfaceOrientationLandscapeRight";
				INFOPLIST_KEY_UISupportedInterfaceOrientations_iPhone = "UIInterfaceOrientationPortrait UIInterfaceOrientationLandscapeLeft UIInterfaceOrientationLandscapeRight";
				IPHONEOS_DEPLOYMENT_TARGET = 17.4;
				LD_RUNPATH_SEARCH_PATHS = (
					"$(inherited)",
					"@executable_path/Frameworks",
				);
				MARKETING_VERSION = 1.0;
				PRODUCT_BUNDLE_IDENTIFIER = com.AppSchoolLAB8.YGGG;
				PRODUCT_NAME = "$(TARGET_NAME)";
				SWIFT_EMIT_LOC_STRINGS = YES;
				SWIFT_VERSION = 5.0;
				TARGETED_DEVICE_FAMILY = "1,2";
			};
			name = Debug;
		};
		41CCE8782C0EC83400A09411 /* Release */ = {
			isa = XCBuildConfiguration;
			buildSettings = {
				ASSETCATALOG_COMPILER_APPICON_NAME = AppIcon;
				ASSETCATALOG_COMPILER_GLOBAL_ACCENT_COLOR_NAME = AccentColor;
				CODE_SIGN_STYLE = Automatic;
				CURRENT_PROJECT_VERSION = 1;
				DEVELOPMENT_TEAM = 9UU59NTC96;
				GENERATE_INFOPLIST_FILE = YES;
				INFOPLIST_FILE = YGGG/Info.plist;
				INFOPLIST_KEY_UIApplicationSupportsIndirectInputEvents = YES;
				INFOPLIST_KEY_UILaunchStoryboardName = "Launch Screen.storyboard";
				INFOPLIST_KEY_UIMainStoryboardFile = "";
				INFOPLIST_KEY_UISupportedInterfaceOrientations_iPad = "UIInterfaceOrientationPortrait UIInterfaceOrientationPortraitUpsideDown UIInterfaceOrientationLandscapeLeft UIInterfaceOrientationLandscapeRight";
				INFOPLIST_KEY_UISupportedInterfaceOrientations_iPhone = "UIInterfaceOrientationPortrait UIInterfaceOrientationLandscapeLeft UIInterfaceOrientationLandscapeRight";
				IPHONEOS_DEPLOYMENT_TARGET = 17.4;
				LD_RUNPATH_SEARCH_PATHS = (
					"$(inherited)",
					"@executable_path/Frameworks",
				);
				MARKETING_VERSION = 1.0;
				PRODUCT_BUNDLE_IDENTIFIER = com.AppSchoolLAB8.YGGG;
				PRODUCT_NAME = "$(TARGET_NAME)";
				SWIFT_EMIT_LOC_STRINGS = YES;
				SWIFT_VERSION = 5.0;
				TARGETED_DEVICE_FAMILY = "1,2";
			};
			name = Release;
		};
/* End XCBuildConfiguration section */

/* Begin XCConfigurationList section */
		41CCE85D2C0EC83300A09411 /* Build configuration list for PBXProject "YGGG" */ = {
			isa = XCConfigurationList;
			buildConfigurations = (
				41CCE8742C0EC83400A09411 /* Debug */,
				41CCE8752C0EC83400A09411 /* Release */,
			);
			defaultConfigurationIsVisible = 0;
			defaultConfigurationName = Release;
		};
		41CCE8762C0EC83400A09411 /* Build configuration list for PBXNativeTarget "YGGG" */ = {
			isa = XCConfigurationList;
			buildConfigurations = (
				41CCE8772C0EC83400A09411 /* Debug */,
				41CCE8782C0EC83400A09411 /* Release */,
			);
			defaultConfigurationIsVisible = 0;
			defaultConfigurationName = Release;
		};
/* End XCConfigurationList section */

/* Begin XCRemoteSwiftPackageReference section */
		4157B6DA2C176AF500B2CF2D /* XCRemoteSwiftPackageReference "GoogleSignIn-iOS" */ = {
			isa = XCRemoteSwiftPackageReference;
			repositoryURL = "https://github.com/google/GoogleSignIn-iOS";
			requirement = {
				kind = upToNextMajorVersion;
				minimumVersion = 7.1.0;
			};
		};
		41CCE87B2C0ECA6000A09411 /* XCRemoteSwiftPackageReference "firebase-ios-sdk" */ = {
			isa = XCRemoteSwiftPackageReference;
			repositoryURL = "https://github.com/firebase/firebase-ios-sdk.git";
			requirement = {
				kind = upToNextMajorVersion;
				minimumVersion = 10.27.0;
			};
		};
/* End XCRemoteSwiftPackageReference section */

/* Begin XCSwiftPackageProductDependency section */
		418C230D2C186A1500A90924 /* GoogleSignIn */ = {
			isa = XCSwiftPackageProductDependency;
			package = 4157B6DA2C176AF500B2CF2D /* XCRemoteSwiftPackageReference "GoogleSignIn-iOS" */;
			productName = GoogleSignIn;
		};
		418C230F2C186A1500A90924 /* GoogleSignInSwift */ = {
			isa = XCSwiftPackageProductDependency;
			package = 4157B6DA2C176AF500B2CF2D /* XCRemoteSwiftPackageReference "GoogleSignIn-iOS" */;
			productName = GoogleSignInSwift;
		};
		418C23112C186A4900A90924 /* FirebaseAuth */ = {
			isa = XCSwiftPackageProductDependency;
			package = 41CCE87B2C0ECA6000A09411 /* XCRemoteSwiftPackageReference "firebase-ios-sdk" */;
			productName = FirebaseAuth;
		};
		418C23132C186A4900A90924 /* FirebaseDatabase */ = {
			isa = XCSwiftPackageProductDependency;
			package = 41CCE87B2C0ECA6000A09411 /* XCRemoteSwiftPackageReference "firebase-ios-sdk" */;
			productName = FirebaseDatabase;
		};
		418C23152C186A4900A90924 /* FirebaseFirestore */ = {
			isa = XCSwiftPackageProductDependency;
			package = 41CCE87B2C0ECA6000A09411 /* XCRemoteSwiftPackageReference "firebase-ios-sdk" */;
			productName = FirebaseFirestore;
		};
		418C23172C186A4900A90924 /* FirebaseStorage */ = {
			isa = XCSwiftPackageProductDependency;
			package = 41CCE87B2C0ECA6000A09411 /* XCRemoteSwiftPackageReference "firebase-ios-sdk" */;
			productName = FirebaseStorage;
		};
		418C23192C186A7400A90924 /* FirebaseFirestoreSwift */ = {
			isa = XCSwiftPackageProductDependency;
			package = 41CCE87B2C0ECA6000A09411 /* XCRemoteSwiftPackageReference "firebase-ios-sdk" */;
			productName = FirebaseFirestoreSwift;
		};
/* End XCSwiftPackageProductDependency section */
	};
	rootObject = 41CCE85A2C0EC83300A09411 /* Project object */;
}
